Microsoft Visual Studio Solution File, Format Version 12.00
# Visual Studio Version 17
VisualStudioVersion = 17.5.2.0
MinimumVisualStudioVersion = 10.0.40219.1
Project("{2150E333-8FDC-42A3-9474-1A3956D46DE8}") = "oo-lab-1", "oo-lab-1", "{8E0D7B2C-F3C5-322A-E969-97A46D113A36}"
EndProject
Project("{FAE04EC0-301F-11D3-BF4B-00C04F79EFBC}") = "ButtonSwapper", "oo-lab-1\ButtonSwapper\ButtonSwapper.csproj", "{7DD65802-5F05-6818-EAA9-1024956E8F49}"
EndProject
Global
	GlobalSection(SolutionConfigurationPlatforms) = preSolution
		Debug|Any CPU = Debug|Any CPU
		Release|Any CPU = Release|Any CPU
	EndGlobalSection
	GlobalSection(ProjectConfigurationPlatforms) = postSolution
		{7DD65802-5F05-6818-EAA9-1024956E8F49}.Debug|Any CPU.ActiveCfg = Debug|Any CPU
		{7DD65802-5F05-6818-EAA9-1024956E8F49}.Debug|Any CPU.Build.0 = Debug|Any CPU
		{7DD65802-5F05-6818-EAA9-1024956E8F49}.Release|Any CPU.ActiveCfg = Release|Any CPU
		{7DD65802-5F05-6818-EAA9-1024956E8F49}.Release|Any CPU.Build.0 = Release|Any CPU
	EndGlobalSection
	GlobalSection(SolutionProperties) = preSolution
		HideSolutionNode = FALSE
	EndGlobalSection
	GlobalSection(NestedProjects) = preSolution
		{7DD65802-5F05-6818-EAA9-1024956E8F49} = {8E0D7B2C-F3C5-322A-E969-97A46D113A36}
	EndGlobalSection
	GlobalSection(ExtensibilityGlobals) = postSolution
		SolutionGuid = {DF343E37-2FF2-492A-A82C-87C0628A7BDF}
	EndGlobalSection
EndGlobal
